
Microsoft Visual Studio Solution File, Format Version 12.00
# Visual Studio Version 17
VisualStudioVersion = 17.5.2.0
MinimumVisualStudioVersion = 10.0.40219.1
Project("{9A19103F-16F7-4668-BE54-9A1E7A4F7556}") = "Robin.App", "Robin.App\Robin.App.csproj", "{F4AEF685-E67E-40F7-814F-3391391D1D6A}"
EndProject
Project("{9A19103F-16F7-4668-BE54-9A1E7A4F7556}") = "Robin.Abstractions", "Robin.Abstractions\Robin.Abstractions.csproj", "{65F60E62-BFCE-492E-88B1-D2F2BEF5775C}"
EndProject
Project("{9A19103F-16F7-4668-BE54-9A1E7A4F7556}") = "Robin.Implementations.OneBot", "Implementations\Robin.Implementations.OneBot\Robin.Implementations.OneBot.csproj", "{74B01597-DF9E-479A-958A-8A0BD51C6A4E}"
EndProject
Project("{FAE04EC0-301F-11D3-BF4B-00C04F79EFBC}") = "Robin.Extensions.WordCloud", "Extensions\Robin.Extensions.WordCloud\Robin.Extensions.WordCloud.csproj", "{DC7F5817-7811-4E1E-88D9-99023707F150}"
EndProject
Project("{FAE04EC0-301F-11D3-BF4B-00C04F79EFBC}") = "Robin.Extensions.UserRank", "Extensions\Robin.Extensions.UserRank\Robin.Extensions.UserRank.csproj", "{A160A0D5-019C-48BD-B5A8-97E5B08F0580}"
EndProject
Project("{FAE04EC0-301F-11D3-BF4B-00C04F79EFBC}") = "Robin.Extensions.ReplyAction", "Extensions\Robin.Extensions.ReplyAction\Robin.Extensions.ReplyAction.csproj", "{45CCB3A4-3DA7-49BB-807E-93D6A0072208}"
EndProject
Project("{FAE04EC0-301F-11D3-BF4B-00C04F79EFBC}") = "Robin.Extensions.RandReply", "Extensions\Robin.Extensions.RandReply\Robin.Extensions.RandReply.csproj", "{BCF1570B-9D9E-4134-9359-43B1D7CD3529}"
EndProject
Project("{FAE04EC0-301F-11D3-BF4B-00C04F79EFBC}") = "Robin.Extensions.Gray", "Extensions\Robin.Extensions.Gray\Robin.Extensions.Gray.csproj", "{9C8147BA-CC86-441F-AF28-D1DFE37596C9}"
EndProject
Project("{FAE04EC0-301F-11D3-BF4B-00C04F79EFBC}") = "Robin.Extensions.Gemini", "Extensions\Robin.Extensions.Gemini\Robin.Extensions.Gemini.csproj", "{3F6B8837-D213-4687-9C23-5F5C589CA0C6}"
EndProject
Project("{FAE04EC0-301F-11D3-BF4B-00C04F79EFBC}") = "Robin.Extensions.Dice", "Extensions\Robin.Extensions.Dice\Robin.Extensions.Dice.csproj", "{24B5C1E2-F1D1-4A9E-AD15-C34537E81CC9}"
EndProject
Project("{FAE04EC0-301F-11D3-BF4B-00C04F79EFBC}") = "Robin.Extensions.SauceNao", "Extensions\Robin.Extensions.SauceNao\Robin.Extensions.SauceNao.csproj", "{4BADA596-B7C9-4D0A-B533-498143C19DD1}"
EndProject
Project("{FAE04EC0-301F-11D3-BF4B-00C04F79EFBC}") = "Robin.Extensions.Help", "Extensions\Robin.Extensions.Help\Robin.Extensions.Help.csproj", "{9731098B-1ED5-4B8F-BBFA-184C4CD531E3}"
EndProject
Project("{FAE04EC0-301F-11D3-BF4B-00C04F79EFBC}") = "Robin.Extensions.Status", "Extensions\Robin.Extensions.Status\Robin.Extensions.Status.csproj", "{272F1BB4-6297-49CF-819C-03E62544C258}"
EndProject
Project("{FAE04EC0-301F-11D3-BF4B-00C04F79EFBC}") = "Robin.Extensions.PokeBack", "Extensions\Robin.Extensions.PokeBack\Robin.Extensions.PokeBack.csproj", "{1FFE7F24-2A4A-4E1D-90B4-1F109B4BA701}"
EndProject
Project("{FAE04EC0-301F-11D3-BF4B-00C04F79EFBC}") = "Robin.Extensions.Welcome", "Extensions\Robin.Extensions.Welcome\Robin.Extensions.Welcome.csproj", "{9EF2F4DE-2FC4-4CDE-942B-F46D48F5FFF2}"
EndProject
Project("{FAE04EC0-301F-11D3-BF4B-00C04F79EFBC}") = "Robin.Extensions.Test", "Extensions\Robin.Extensions.Test\Robin.Extensions.Test.csproj", "{E7AAF099-0852-4666-A48D-74D88E2EF040}"
EndProject
Project("{2150E333-8FDC-42A3-9474-1A3956D46DE8}") = "Extensions", "Extensions", "{6DC8B43E-A2DB-42FE-8BA0-42C63097B6E0}"
EndProject
Project("{FAE04EC0-301F-11D3-BF4B-00C04F79EFBC}") = "Robin.Extensions.B23", "Extensions\Robin.Extensions.B23\Robin.Extensions.B23.csproj", "{B0A62FE5-4B9D-4726-A919-9FA10F6F62BF}"
EndProject
Project("{2150E333-8FDC-42A3-9474-1A3956D46DE8}") = "Middlewares", "Middlewares", "{4377CD21-B598-44A3-8F44-E6C3BC7413F3}"
EndProject
Project("{FAE04EC0-301F-11D3-BF4B-00C04F79EFBC}") = "Robin.Middlewares.Fluent", "Middlewares\Robin.Middlewares.Fluent\Robin.Middlewares.Fluent.csproj", "{C1F90895-A459-4C57-9A4C-0D4239F5BDEE}"
EndProject
Project("{FAE04EC0-301F-11D3-BF4B-00C04F79EFBC}") = "Robin.Extensions.Wife", "Extensions\Robin.Extensions.Wife\Robin.Extensions.Wife.csproj", "{90953558-7BC6-4240-B830-C6F8816D2EC6}"
EndProject
Project("{FAE04EC0-301F-11D3-BF4B-00C04F79EFBC}") = "Robin.Extensions.AtPoke", "Extensions\Robin.Extensions.AtPoke\Robin.Extensions.AtPoke.csproj", "{003CCF76-6EBA-4464-8951-8C9A72772E71}"
EndProject
Project("{FAE04EC0-301F-11D3-BF4B-00C04F79EFBC}") = "Robin.Extensions.Oled", "Extensions\Robin.Extensions.Oled\Robin.Extensions.Oled.csproj", "{DE6D08A6-3890-42F6-8C5B-00FAA96A2006}"
EndProject
Project("{FAE04EC0-301F-11D3-BF4B-00C04F79EFBC}") = "Robin.Extensions.Oa", "Extensions\Robin.Extensions.Oa\Robin.Extensions.Oa.csproj", "{6471BAA0-61C9-4B75-88F2-77AD739DCA2C}"
EndProject
Project("{FAE04EC0-301F-11D3-BF4B-00C04F79EFBC}") = "Robin.Extensions.WhoAtMe", "Extensions\Robin.Extensions.WhoAtMe\Robin.Extensions.WhoAtMe.csproj", "{A0B3E28C-F261-4FA8-9D38-804728C5943F}"
EndProject
Project("{FAE04EC0-301F-11D3-BF4B-00C04F79EFBC}") = "Robin.Extensions.Approve", "Extensions\Robin.Extensions.Approve\Robin.Extensions.Approve.csproj", "{7BE200E2-6F07-40DA-A5CC-9A0CAA76A26D}"
EndProject
Project("{FAE04EC0-301F-11D3-BF4B-00C04F79EFBC}") = "Robin.Extensions.Jm", "Extensions\Robin.Extensions.Jm\Robin.Extensions.Jm.csproj", "{4257A761-184C-4C98-B6AA-A5D99CB5CE2D}"
EndProject
Project("{FAE04EC0-301F-11D3-BF4B-00C04F79EFBC}") = "Robin.Extensions.Seiyuu", "Extensions\Robin.Extensions.Seiyuu\Robin.Extensions.Seiyuu.csproj", "{001AB9FB-753B-4B84-A10D-9D0B97D479EB}"
EndProject
Global
	GlobalSection(SolutionConfigurationPlatforms) = preSolution
		Debug|Any CPU = Debug|Any CPU
		Debug|x64 = Debug|x64
		Debug|x86 = Debug|x86
		Release|Any CPU = Release|Any CPU
		Release|x64 = Release|x64
		Release|x86 = Release|x86
	EndGlobalSection
	GlobalSection(ProjectConfigurationPlatforms) = postSolution
		{F4AEF685-E67E-40F7-814F-3391391D1D6A}.Debug|Any CPU.ActiveCfg = Debug|Any CPU
		{F4AEF685-E67E-40F7-814F-3391391D1D6A}.Debug|Any CPU.Build.0 = Debug|Any CPU
		{F4AEF685-E67E-40F7-814F-3391391D1D6A}.Debug|x64.ActiveCfg = Debug|Any CPU
		{F4AEF685-E67E-40F7-814F-3391391D1D6A}.Debug|x64.Build.0 = Debug|Any CPU
		{F4AEF685-E67E-40F7-814F-3391391D1D6A}.Debug|x86.ActiveCfg = Debug|Any CPU
		{F4AEF685-E67E-40F7-814F-3391391D1D6A}.Debug|x86.Build.0 = Debug|Any CPU
		{F4AEF685-E67E-40F7-814F-3391391D1D6A}.Release|Any CPU.ActiveCfg = Release|Any CPU
		{F4AEF685-E67E-40F7-814F-3391391D1D6A}.Release|Any CPU.Build.0 = Release|Any CPU
		{F4AEF685-E67E-40F7-814F-3391391D1D6A}.Release|x64.ActiveCfg = Release|Any CPU
		{F4AEF685-E67E-40F7-814F-3391391D1D6A}.Release|x64.Build.0 = Release|Any CPU
		{F4AEF685-E67E-40F7-814F-3391391D1D6A}.Release|x86.ActiveCfg = Release|Any CPU
		{F4AEF685-E67E-40F7-814F-3391391D1D6A}.Release|x86.Build.0 = Release|Any CPU
		{65F60E62-BFCE-492E-88B1-D2F2BEF5775C}.Debug|Any CPU.ActiveCfg = Debug|Any CPU
		{65F60E62-BFCE-492E-88B1-D2F2BEF5775C}.Debug|Any CPU.Build.0 = Debug|Any CPU
		{65F60E62-BFCE-492E-88B1-D2F2BEF5775C}.Debug|x64.ActiveCfg = Debug|Any CPU
		{65F60E62-BFCE-492E-88B1-D2F2BEF5775C}.Debug|x64.Build.0 = Debug|Any CPU
		{65F60E62-BFCE-492E-88B1-D2F2BEF5775C}.Debug|x86.ActiveCfg = Debug|Any CPU
		{65F60E62-BFCE-492E-88B1-D2F2BEF5775C}.Debug|x86.Build.0 = Debug|Any CPU
		{65F60E62-BFCE-492E-88B1-D2F2BEF5775C}.Release|Any CPU.ActiveCfg = Release|Any CPU
		{65F60E62-BFCE-492E-88B1-D2F2BEF5775C}.Release|Any CPU.Build.0 = Release|Any CPU
		{65F60E62-BFCE-492E-88B1-D2F2BEF5775C}.Release|x64.ActiveCfg = Release|Any CPU
		{65F60E62-BFCE-492E-88B1-D2F2BEF5775C}.Release|x64.Build.0 = Release|Any CPU
		{65F60E62-BFCE-492E-88B1-D2F2BEF5775C}.Release|x86.ActiveCfg = Release|Any CPU
		{65F60E62-BFCE-492E-88B1-D2F2BEF5775C}.Release|x86.Build.0 = Release|Any CPU
		{74B01597-DF9E-479A-958A-8A0BD51C6A4E}.Debug|Any CPU.ActiveCfg = Debug|Any CPU
		{74B01597-DF9E-479A-958A-8A0BD51C6A4E}.Debug|Any CPU.Build.0 = Debug|Any CPU
		{74B01597-DF9E-479A-958A-8A0BD51C6A4E}.Debug|x64.ActiveCfg = Debug|Any CPU
		{74B01597-DF9E-479A-958A-8A0BD51C6A4E}.Debug|x64.Build.0 = Debug|Any CPU
		{74B01597-DF9E-479A-958A-8A0BD51C6A4E}.Debug|x86.ActiveCfg = Debug|Any CPU
		{74B01597-DF9E-479A-958A-8A0BD51C6A4E}.Debug|x86.Build.0 = Debug|Any CPU
		{74B01597-DF9E-479A-958A-8A0BD51C6A4E}.Release|Any CPU.ActiveCfg = Release|Any CPU
		{74B01597-DF9E-479A-958A-8A0BD51C6A4E}.Release|Any CPU.Build.0 = Release|Any CPU
		{74B01597-DF9E-479A-958A-8A0BD51C6A4E}.Release|x64.ActiveCfg = Release|Any CPU
		{74B01597-DF9E-479A-958A-8A0BD51C6A4E}.Release|x64.Build.0 = Release|Any CPU
		{74B01597-DF9E-479A-958A-8A0BD51C6A4E}.Release|x86.ActiveCfg = Release|Any CPU
		{74B01597-DF9E-479A-958A-8A0BD51C6A4E}.Release|x86.Build.0 = Release|Any CPU
		{DC7F5817-7811-4E1E-88D9-99023707F150}.Debug|Any CPU.ActiveCfg = Debug|Any CPU
		{DC7F5817-7811-4E1E-88D9-99023707F150}.Debug|Any CPU.Build.0 = Debug|Any CPU
		{DC7F5817-7811-4E1E-88D9-99023707F150}.Debug|x64.ActiveCfg = Debug|Any CPU
		{DC7F5817-7811-4E1E-88D9-99023707F150}.Debug|x64.Build.0 = Debug|Any CPU
		{DC7F5817-7811-4E1E-88D9-99023707F150}.Debug|x86.ActiveCfg = Debug|Any CPU
		{DC7F5817-7811-4E1E-88D9-99023707F150}.Debug|x86.Build.0 = Debug|Any CPU
		{DC7F5817-7811-4E1E-88D9-99023707F150}.Release|Any CPU.ActiveCfg = Release|Any CPU
		{DC7F5817-7811-4E1E-88D9-99023707F150}.Release|Any CPU.Build.0 = Release|Any CPU
		{DC7F5817-7811-4E1E-88D9-99023707F150}.Release|x64.ActiveCfg = Release|Any CPU
		{DC7F5817-7811-4E1E-88D9-99023707F150}.Release|x64.Build.0 = Release|Any CPU
		{DC7F5817-7811-4E1E-88D9-99023707F150}.Release|x86.ActiveCfg = Release|Any CPU
		{DC7F5817-7811-4E1E-88D9-99023707F150}.Release|x86.Build.0 = Release|Any CPU
		{A160A0D5-019C-48BD-B5A8-97E5B08F0580}.Debug|Any CPU.ActiveCfg = Debug|Any CPU
		{A160A0D5-019C-48BD-B5A8-97E5B08F0580}.Debug|Any CPU.Build.0 = Debug|Any CPU
		{A160A0D5-019C-48BD-B5A8-97E5B08F0580}.Debug|x64.ActiveCfg = Debug|Any CPU
		{A160A0D5-019C-48BD-B5A8-97E5B08F0580}.Debug|x64.Build.0 = Debug|Any CPU
		{A160A0D5-019C-48BD-B5A8-97E5B08F0580}.Debug|x86.ActiveCfg = Debug|Any CPU
		{A160A0D5-019C-48BD-B5A8-97E5B08F0580}.Debug|x86.Build.0 = Debug|Any CPU
		{A160A0D5-019C-48BD-B5A8-97E5B08F0580}.Release|Any CPU.ActiveCfg = Release|Any CPU
		{A160A0D5-019C-48BD-B5A8-97E5B08F0580}.Release|Any CPU.Build.0 = Release|Any CPU
		{A160A0D5-019C-48BD-B5A8-97E5B08F0580}.Release|x64.ActiveCfg = Release|Any CPU
		{A160A0D5-019C-48BD-B5A8-97E5B08F0580}.Release|x64.Build.0 = Release|Any CPU
		{A160A0D5-019C-48BD-B5A8-97E5B08F0580}.Release|x86.ActiveCfg = Release|Any CPU
		{A160A0D5-019C-48BD-B5A8-97E5B08F0580}.Release|x86.Build.0 = Release|Any CPU
		{45CCB3A4-3DA7-49BB-807E-93D6A0072208}.Debug|Any CPU.ActiveCfg = Debug|Any CPU
		{45CCB3A4-3DA7-49BB-807E-93D6A0072208}.Debug|Any CPU.Build.0 = Debug|Any CPU
		{45CCB3A4-3DA7-49BB-807E-93D6A0072208}.Debug|x64.ActiveCfg = Debug|Any CPU
		{45CCB3A4-3DA7-49BB-807E-93D6A0072208}.Debug|x64.Build.0 = Debug|Any CPU
		{45CCB3A4-3DA7-49BB-807E-93D6A0072208}.Debug|x86.ActiveCfg = Debug|Any CPU
		{45CCB3A4-3DA7-49BB-807E-93D6A0072208}.Debug|x86.Build.0 = Debug|Any CPU
		{45CCB3A4-3DA7-49BB-807E-93D6A0072208}.Release|Any CPU.ActiveCfg = Release|Any CPU
		{45CCB3A4-3DA7-49BB-807E-93D6A0072208}.Release|Any CPU.Build.0 = Release|Any CPU
		{45CCB3A4-3DA7-49BB-807E-93D6A0072208}.Release|x64.ActiveCfg = Release|Any CPU
		{45CCB3A4-3DA7-49BB-807E-93D6A0072208}.Release|x64.Build.0 = Release|Any CPU
		{45CCB3A4-3DA7-49BB-807E-93D6A0072208}.Release|x86.ActiveCfg = Release|Any CPU
		{45CCB3A4-3DA7-49BB-807E-93D6A0072208}.Release|x86.Build.0 = Release|Any CPU
		{BCF1570B-9D9E-4134-9359-43B1D7CD3529}.Debug|Any CPU.ActiveCfg = Debug|Any CPU
		{BCF1570B-9D9E-4134-9359-43B1D7CD3529}.Debug|Any CPU.Build.0 = Debug|Any CPU
		{BCF1570B-9D9E-4134-9359-43B1D7CD3529}.Debug|x64.ActiveCfg = Debug|Any CPU
		{BCF1570B-9D9E-4134-9359-43B1D7CD3529}.Debug|x64.Build.0 = Debug|Any CPU
		{BCF1570B-9D9E-4134-9359-43B1D7CD3529}.Debug|x86.ActiveCfg = Debug|Any CPU
		{BCF1570B-9D9E-4134-9359-43B1D7CD3529}.Debug|x86.Build.0 = Debug|Any CPU
		{BCF1570B-9D9E-4134-9359-43B1D7CD3529}.Release|Any CPU.ActiveCfg = Release|Any CPU
		{BCF1570B-9D9E-4134-9359-43B1D7CD3529}.Release|Any CPU.Build.0 = Release|Any CPU
		{BCF1570B-9D9E-4134-9359-43B1D7CD3529}.Release|x64.ActiveCfg = Release|Any CPU
		{BCF1570B-9D9E-4134-9359-43B1D7CD3529}.Release|x64.Build.0 = Release|Any CPU
		{BCF1570B-9D9E-4134-9359-43B1D7CD3529}.Release|x86.ActiveCfg = Release|Any CPU
		{BCF1570B-9D9E-4134-9359-43B1D7CD3529}.Release|x86.Build.0 = Release|Any CPU
		{9C8147BA-CC86-441F-AF28-D1DFE37596C9}.Debug|Any CPU.ActiveCfg = Debug|Any CPU
		{9C8147BA-CC86-441F-AF28-D1DFE37596C9}.Debug|Any CPU.Build.0 = Debug|Any CPU
		{9C8147BA-CC86-441F-AF28-D1DFE37596C9}.Debug|x64.ActiveCfg = Debug|Any CPU
		{9C8147BA-CC86-441F-AF28-D1DFE37596C9}.Debug|x64.Build.0 = Debug|Any CPU
		{9C8147BA-CC86-441F-AF28-D1DFE37596C9}.Debug|x86.ActiveCfg = Debug|Any CPU
		{9C8147BA-CC86-441F-AF28-D1DFE37596C9}.Debug|x86.Build.0 = Debug|Any CPU
		{9C8147BA-CC86-441F-AF28-D1DFE37596C9}.Release|Any CPU.ActiveCfg = Release|Any CPU
		{9C8147BA-CC86-441F-AF28-D1DFE37596C9}.Release|Any CPU.Build.0 = Release|Any CPU
		{9C8147BA-CC86-441F-AF28-D1DFE37596C9}.Release|x64.ActiveCfg = Release|Any CPU
		{9C8147BA-CC86-441F-AF28-D1DFE37596C9}.Release|x64.Build.0 = Release|Any CPU
		{9C8147BA-CC86-441F-AF28-D1DFE37596C9}.Release|x86.ActiveCfg = Release|Any CPU
		{9C8147BA-CC86-441F-AF28-D1DFE37596C9}.Release|x86.Build.0 = Release|Any CPU
		{3F6B8837-D213-4687-9C23-5F5C589CA0C6}.Debug|Any CPU.ActiveCfg = Debug|Any CPU
		{3F6B8837-D213-4687-9C23-5F5C589CA0C6}.Debug|Any CPU.Build.0 = Debug|Any CPU
		{3F6B8837-D213-4687-9C23-5F5C589CA0C6}.Debug|x64.ActiveCfg = Debug|Any CPU
		{3F6B8837-D213-4687-9C23-5F5C589CA0C6}.Debug|x64.Build.0 = Debug|Any CPU
		{3F6B8837-D213-4687-9C23-5F5C589CA0C6}.Debug|x86.ActiveCfg = Debug|Any CPU
		{3F6B8837-D213-4687-9C23-5F5C589CA0C6}.Debug|x86.Build.0 = Debug|Any CPU
		{3F6B8837-D213-4687-9C23-5F5C589CA0C6}.Release|Any CPU.ActiveCfg = Release|Any CPU
		{3F6B8837-D213-4687-9C23-5F5C589CA0C6}.Release|Any CPU.Build.0 = Release|Any CPU
		{3F6B8837-D213-4687-9C23-5F5C589CA0C6}.Release|x64.ActiveCfg = Release|Any CPU
		{3F6B8837-D213-4687-9C23-5F5C589CA0C6}.Release|x64.Build.0 = Release|Any CPU
		{3F6B8837-D213-4687-9C23-5F5C589CA0C6}.Release|x86.ActiveCfg = Release|Any CPU
		{3F6B8837-D213-4687-9C23-5F5C589CA0C6}.Release|x86.Build.0 = Release|Any CPU
		{24B5C1E2-F1D1-4A9E-AD15-C34537E81CC9}.Debug|Any CPU.ActiveCfg = Debug|Any CPU
		{24B5C1E2-F1D1-4A9E-AD15-C34537E81CC9}.Debug|Any CPU.Build.0 = Debug|Any CPU
		{24B5C1E2-F1D1-4A9E-AD15-C34537E81CC9}.Debug|x64.ActiveCfg = Debug|Any CPU
		{24B5C1E2-F1D1-4A9E-AD15-C34537E81CC9}.Debug|x64.Build.0 = Debug|Any CPU
		{24B5C1E2-F1D1-4A9E-AD15-C34537E81CC9}.Debug|x86.ActiveCfg = Debug|Any CPU
		{24B5C1E2-F1D1-4A9E-AD15-C34537E81CC9}.Debug|x86.Build.0 = Debug|Any CPU
		{24B5C1E2-F1D1-4A9E-AD15-C34537E81CC9}.Release|Any CPU.ActiveCfg = Release|Any CPU
		{24B5C1E2-F1D1-4A9E-AD15-C34537E81CC9}.Release|Any CPU.Build.0 = Release|Any CPU
		{24B5C1E2-F1D1-4A9E-AD15-C34537E81CC9}.Release|x64.ActiveCfg = Release|Any CPU
		{24B5C1E2-F1D1-4A9E-AD15-C34537E81CC9}.Release|x64.Build.0 = Release|Any CPU
		{24B5C1E2-F1D1-4A9E-AD15-C34537E81CC9}.Release|x86.ActiveCfg = Release|Any CPU
		{24B5C1E2-F1D1-4A9E-AD15-C34537E81CC9}.Release|x86.Build.0 = Release|Any CPU
		{4BADA596-B7C9-4D0A-B533-498143C19DD1}.Debug|Any CPU.ActiveCfg = Debug|Any CPU
		{4BADA596-B7C9-4D0A-B533-498143C19DD1}.Debug|Any CPU.Build.0 = Debug|Any CPU
		{4BADA596-B7C9-4D0A-B533-498143C19DD1}.Debug|x64.ActiveCfg = Debug|Any CPU
		{4BADA596-B7C9-4D0A-B533-498143C19DD1}.Debug|x64.Build.0 = Debug|Any CPU
		{4BADA596-B7C9-4D0A-B533-498143C19DD1}.Debug|x86.ActiveCfg = Debug|Any CPU
		{4BADA596-B7C9-4D0A-B533-498143C19DD1}.Debug|x86.Build.0 = Debug|Any CPU
		{4BADA596-B7C9-4D0A-B533-498143C19DD1}.Release|Any CPU.ActiveCfg = Release|Any CPU
		{4BADA596-B7C9-4D0A-B533-498143C19DD1}.Release|Any CPU.Build.0 = Release|Any CPU
		{4BADA596-B7C9-4D0A-B533-498143C19DD1}.Release|x64.ActiveCfg = Release|Any CPU
		{4BADA596-B7C9-4D0A-B533-498143C19DD1}.Release|x64.Build.0 = Release|Any CPU
		{4BADA596-B7C9-4D0A-B533-498143C19DD1}.Release|x86.ActiveCfg = Release|Any CPU
		{4BADA596-B7C9-4D0A-B533-498143C19DD1}.Release|x86.Build.0 = Release|Any CPU
		{9731098B-1ED5-4B8F-BBFA-184C4CD531E3}.Debug|Any CPU.ActiveCfg = Debug|Any CPU
		{9731098B-1ED5-4B8F-BBFA-184C4CD531E3}.Debug|Any CPU.Build.0 = Debug|Any CPU
		{9731098B-1ED5-4B8F-BBFA-184C4CD531E3}.Debug|x64.ActiveCfg = Debug|Any CPU
		{9731098B-1ED5-4B8F-BBFA-184C4CD531E3}.Debug|x64.Build.0 = Debug|Any CPU
		{9731098B-1ED5-4B8F-BBFA-184C4CD531E3}.Debug|x86.ActiveCfg = Debug|Any CPU
		{9731098B-1ED5-4B8F-BBFA-184C4CD531E3}.Debug|x86.Build.0 = Debug|Any CPU
		{9731098B-1ED5-4B8F-BBFA-184C4CD531E3}.Release|Any CPU.ActiveCfg = Release|Any CPU
		{9731098B-1ED5-4B8F-BBFA-184C4CD531E3}.Release|Any CPU.Build.0 = Release|Any CPU
		{9731098B-1ED5-4B8F-BBFA-184C4CD531E3}.Release|x64.ActiveCfg = Release|Any CPU
		{9731098B-1ED5-4B8F-BBFA-184C4CD531E3}.Release|x64.Build.0 = Release|Any CPU
		{9731098B-1ED5-4B8F-BBFA-184C4CD531E3}.Release|x86.ActiveCfg = Release|Any CPU
		{9731098B-1ED5-4B8F-BBFA-184C4CD531E3}.Release|x86.Build.0 = Release|Any CPU
		{272F1BB4-6297-49CF-819C-03E62544C258}.Debug|Any CPU.ActiveCfg = Debug|Any CPU
		{272F1BB4-6297-49CF-819C-03E62544C258}.Debug|Any CPU.Build.0 = Debug|Any CPU
		{272F1BB4-6297-49CF-819C-03E62544C258}.Debug|x64.ActiveCfg = Debug|Any CPU
		{272F1BB4-6297-49CF-819C-03E62544C258}.Debug|x64.Build.0 = Debug|Any CPU
		{272F1BB4-6297-49CF-819C-03E62544C258}.Debug|x86.ActiveCfg = Debug|Any CPU
		{272F1BB4-6297-49CF-819C-03E62544C258}.Debug|x86.Build.0 = Debug|Any CPU
		{272F1BB4-6297-49CF-819C-03E62544C258}.Release|Any CPU.ActiveCfg = Release|Any CPU
		{272F1BB4-6297-49CF-819C-03E62544C258}.Release|Any CPU.Build.0 = Release|Any CPU
		{272F1BB4-6297-49CF-819C-03E62544C258}.Release|x64.ActiveCfg = Release|Any CPU
		{272F1BB4-6297-49CF-819C-03E62544C258}.Release|x64.Build.0 = Release|Any CPU
		{272F1BB4-6297-49CF-819C-03E62544C258}.Release|x86.ActiveCfg = Release|Any CPU
		{272F1BB4-6297-49CF-819C-03E62544C258}.Release|x86.Build.0 = Release|Any CPU
		{1FFE7F24-2A4A-4E1D-90B4-1F109B4BA701}.Debug|Any CPU.ActiveCfg = Debug|Any CPU
		{1FFE7F24-2A4A-4E1D-90B4-1F109B4BA701}.Debug|Any CPU.Build.0 = Debug|Any CPU
		{1FFE7F24-2A4A-4E1D-90B4-1F109B4BA701}.Debug|x64.ActiveCfg = Debug|Any CPU
		{1FFE7F24-2A4A-4E1D-90B4-1F109B4BA701}.Debug|x64.Build.0 = Debug|Any CPU
		{1FFE7F24-2A4A-4E1D-90B4-1F109B4BA701}.Debug|x86.ActiveCfg = Debug|Any CPU
		{1FFE7F24-2A4A-4E1D-90B4-1F109B4BA701}.Debug|x86.Build.0 = Debug|Any CPU
		{1FFE7F24-2A4A-4E1D-90B4-1F109B4BA701}.Release|Any CPU.ActiveCfg = Release|Any CPU
		{1FFE7F24-2A4A-4E1D-90B4-1F109B4BA701}.Release|Any CPU.Build.0 = Release|Any CPU
		{1FFE7F24-2A4A-4E1D-90B4-1F109B4BA701}.Release|x64.ActiveCfg = Release|Any CPU
		{1FFE7F24-2A4A-4E1D-90B4-1F109B4BA701}.Release|x64.Build.0 = Release|Any CPU
		{1FFE7F24-2A4A-4E1D-90B4-1F109B4BA701}.Release|x86.ActiveCfg = Release|Any CPU
		{1FFE7F24-2A4A-4E1D-90B4-1F109B4BA701}.Release|x86.Build.0 = Release|Any CPU
		{9EF2F4DE-2FC4-4CDE-942B-F46D48F5FFF2}.Debug|Any CPU.ActiveCfg = Debug|Any CPU
		{9EF2F4DE-2FC4-4CDE-942B-F46D48F5FFF2}.Debug|Any CPU.Build.0 = Debug|Any CPU
		{9EF2F4DE-2FC4-4CDE-942B-F46D48F5FFF2}.Debug|x64.ActiveCfg = Debug|Any CPU
		{9EF2F4DE-2FC4-4CDE-942B-F46D48F5FFF2}.Debug|x64.Build.0 = Debug|Any CPU
		{9EF2F4DE-2FC4-4CDE-942B-F46D48F5FFF2}.Debug|x86.ActiveCfg = Debug|Any CPU
		{9EF2F4DE-2FC4-4CDE-942B-F46D48F5FFF2}.Debug|x86.Build.0 = Debug|Any CPU
		{9EF2F4DE-2FC4-4CDE-942B-F46D48F5FFF2}.Release|Any CPU.ActiveCfg = Release|Any CPU
		{9EF2F4DE-2FC4-4CDE-942B-F46D48F5FFF2}.Release|Any CPU.Build.0 = Release|Any CPU
		{9EF2F4DE-2FC4-4CDE-942B-F46D48F5FFF2}.Release|x64.ActiveCfg = Release|Any CPU
		{9EF2F4DE-2FC4-4CDE-942B-F46D48F5FFF2}.Release|x64.Build.0 = Release|Any CPU
		{9EF2F4DE-2FC4-4CDE-942B-F46D48F5FFF2}.Release|x86.ActiveCfg = Release|Any CPU
		{9EF2F4DE-2FC4-4CDE-942B-F46D48F5FFF2}.Release|x86.Build.0 = Release|Any CPU
		{E7AAF099-0852-4666-A48D-74D88E2EF040}.Debug|Any CPU.ActiveCfg = Debug|Any CPU
		{E7AAF099-0852-4666-A48D-74D88E2EF040}.Debug|Any CPU.Build.0 = Debug|Any CPU
		{E7AAF099-0852-4666-A48D-74D88E2EF040}.Debug|x64.ActiveCfg = Debug|Any CPU
		{E7AAF099-0852-4666-A48D-74D88E2EF040}.Debug|x64.Build.0 = Debug|Any CPU
		{E7AAF099-0852-4666-A48D-74D88E2EF040}.Debug|x86.ActiveCfg = Debug|Any CPU
		{E7AAF099-0852-4666-A48D-74D88E2EF040}.Debug|x86.Build.0 = Debug|Any CPU
		{E7AAF099-0852-4666-A48D-74D88E2EF040}.Release|Any CPU.ActiveCfg = Release|Any CPU
		{E7AAF099-0852-4666-A48D-74D88E2EF040}.Release|Any CPU.Build.0 = Release|Any CPU
		{E7AAF099-0852-4666-A48D-74D88E2EF040}.Release|x64.ActiveCfg = Release|Any CPU
		{E7AAF099-0852-4666-A48D-74D88E2EF040}.Release|x64.Build.0 = Release|Any CPU
		{E7AAF099-0852-4666-A48D-74D88E2EF040}.Release|x86.ActiveCfg = Release|Any CPU
		{E7AAF099-0852-4666-A48D-74D88E2EF040}.Release|x86.Build.0 = Release|Any CPU
		{B0A62FE5-4B9D-4726-A919-9FA10F6F62BF}.Debug|Any CPU.ActiveCfg = Debug|Any CPU
		{B0A62FE5-4B9D-4726-A919-9FA10F6F62BF}.Debug|Any CPU.Build.0 = Debug|Any CPU
		{B0A62FE5-4B9D-4726-A919-9FA10F6F62BF}.Debug|x64.ActiveCfg = Debug|Any CPU
		{B0A62FE5-4B9D-4726-A919-9FA10F6F62BF}.Debug|x64.Build.0 = Debug|Any CPU
		{B0A62FE5-4B9D-4726-A919-9FA10F6F62BF}.Debug|x86.ActiveCfg = Debug|Any CPU
		{B0A62FE5-4B9D-4726-A919-9FA10F6F62BF}.Debug|x86.Build.0 = Debug|Any CPU
		{B0A62FE5-4B9D-4726-A919-9FA10F6F62BF}.Release|Any CPU.ActiveCfg = Release|Any CPU
		{B0A62FE5-4B9D-4726-A919-9FA10F6F62BF}.Release|Any CPU.Build.0 = Release|Any CPU
		{B0A62FE5-4B9D-4726-A919-9FA10F6F62BF}.Release|x64.ActiveCfg = Release|Any CPU
		{B0A62FE5-4B9D-4726-A919-9FA10F6F62BF}.Release|x64.Build.0 = Release|Any CPU
		{B0A62FE5-4B9D-4726-A919-9FA10F6F62BF}.Release|x86.ActiveCfg = Release|Any CPU
		{B0A62FE5-4B9D-4726-A919-9FA10F6F62BF}.Release|x86.Build.0 = Release|Any CPU
		{C1F90895-A459-4C57-9A4C-0D4239F5BDEE}.Debug|Any CPU.ActiveCfg = Debug|Any CPU
		{C1F90895-A459-4C57-9A4C-0D4239F5BDEE}.Debug|Any CPU.Build.0 = Debug|Any CPU
		{C1F90895-A459-4C57-9A4C-0D4239F5BDEE}.Debug|x64.ActiveCfg = Debug|Any CPU
		{C1F90895-A459-4C57-9A4C-0D4239F5BDEE}.Debug|x64.Build.0 = Debug|Any CPU
		{C1F90895-A459-4C57-9A4C-0D4239F5BDEE}.Debug|x86.ActiveCfg = Debug|Any CPU
		{C1F90895-A459-4C57-9A4C-0D4239F5BDEE}.Debug|x86.Build.0 = Debug|Any CPU
		{C1F90895-A459-4C57-9A4C-0D4239F5BDEE}.Release|Any CPU.ActiveCfg = Release|Any CPU
		{C1F90895-A459-4C57-9A4C-0D4239F5BDEE}.Release|Any CPU.Build.0 = Release|Any CPU
		{C1F90895-A459-4C57-9A4C-0D4239F5BDEE}.Release|x64.ActiveCfg = Release|Any CPU
		{C1F90895-A459-4C57-9A4C-0D4239F5BDEE}.Release|x64.Build.0 = Release|Any CPU
		{C1F90895-A459-4C57-9A4C-0D4239F5BDEE}.Release|x86.ActiveCfg = Release|Any CPU
		{C1F90895-A459-4C57-9A4C-0D4239F5BDEE}.Release|x86.Build.0 = Release|Any CPU
		{90953558-7BC6-4240-B830-C6F8816D2EC6}.Debug|Any CPU.ActiveCfg = Debug|Any CPU
		{90953558-7BC6-4240-B830-C6F8816D2EC6}.Debug|Any CPU.Build.0 = Debug|Any CPU
		{90953558-7BC6-4240-B830-C6F8816D2EC6}.Debug|x64.ActiveCfg = Debug|Any CPU
		{90953558-7BC6-4240-B830-C6F8816D2EC6}.Debug|x64.Build.0 = Debug|Any CPU
		{90953558-7BC6-4240-B830-C6F8816D2EC6}.Debug|x86.ActiveCfg = Debug|Any CPU
		{90953558-7BC6-4240-B830-C6F8816D2EC6}.Debug|x86.Build.0 = Debug|Any CPU
		{90953558-7BC6-4240-B830-C6F8816D2EC6}.Release|Any CPU.ActiveCfg = Release|Any CPU
		{90953558-7BC6-4240-B830-C6F8816D2EC6}.Release|Any CPU.Build.0 = Release|Any CPU
		{90953558-7BC6-4240-B830-C6F8816D2EC6}.Release|x64.ActiveCfg = Release|Any CPU
		{90953558-7BC6-4240-B830-C6F8816D2EC6}.Release|x64.Build.0 = Release|Any CPU
		{90953558-7BC6-4240-B830-C6F8816D2EC6}.Release|x86.ActiveCfg = Release|Any CPU
		{90953558-7BC6-4240-B830-C6F8816D2EC6}.Release|x86.Build.0 = Release|Any CPU
		{003CCF76-6EBA-4464-8951-8C9A72772E71}.Debug|Any CPU.ActiveCfg = Debug|Any CPU
		{003CCF76-6EBA-4464-8951-8C9A72772E71}.Debug|Any CPU.Build.0 = Debug|Any CPU
		{003CCF76-6EBA-4464-8951-8C9A72772E71}.Debug|x64.ActiveCfg = Debug|Any CPU
		{003CCF76-6EBA-4464-8951-8C9A72772E71}.Debug|x64.Build.0 = Debug|Any CPU
		{003CCF76-6EBA-4464-8951-8C9A72772E71}.Debug|x86.ActiveCfg = Debug|Any CPU
		{003CCF76-6EBA-4464-8951-8C9A72772E71}.Debug|x86.Build.0 = Debug|Any CPU
		{003CCF76-6EBA-4464-8951-8C9A72772E71}.Release|Any CPU.ActiveCfg = Release|Any CPU
		{003CCF76-6EBA-4464-8951-8C9A72772E71}.Release|Any CPU.Build.0 = Release|Any CPU
		{003CCF76-6EBA-4464-8951-8C9A72772E71}.Release|x64.ActiveCfg = Release|Any CPU
		{003CCF76-6EBA-4464-8951-8C9A72772E71}.Release|x64.Build.0 = Release|Any CPU
		{003CCF76-6EBA-4464-8951-8C9A72772E71}.Release|x86.ActiveCfg = Release|Any CPU
		{003CCF76-6EBA-4464-8951-8C9A72772E71}.Release|x86.Build.0 = Release|Any CPU
		{DE6D08A6-3890-42F6-8C5B-00FAA96A2006}.Debug|Any CPU.ActiveCfg = Debug|Any CPU
		{DE6D08A6-3890-42F6-8C5B-00FAA96A2006}.Debug|Any CPU.Build.0 = Debug|Any CPU
		{DE6D08A6-3890-42F6-8C5B-00FAA96A2006}.Debug|x64.ActiveCfg = Debug|Any CPU
		{DE6D08A6-3890-42F6-8C5B-00FAA96A2006}.Debug|x64.Build.0 = Debug|Any CPU
		{DE6D08A6-3890-42F6-8C5B-00FAA96A2006}.Debug|x86.ActiveCfg = Debug|Any CPU
		{DE6D08A6-3890-42F6-8C5B-00FAA96A2006}.Debug|x86.Build.0 = Debug|Any CPU
		{DE6D08A6-3890-42F6-8C5B-00FAA96A2006}.Release|Any CPU.ActiveCfg = Release|Any CPU
		{DE6D08A6-3890-42F6-8C5B-00FAA96A2006}.Release|Any CPU.Build.0 = Release|Any CPU
		{DE6D08A6-3890-42F6-8C5B-00FAA96A2006}.Release|x64.ActiveCfg = Release|Any CPU
		{DE6D08A6-3890-42F6-8C5B-00FAA96A2006}.Release|x64.Build.0 = Release|Any CPU
		{DE6D08A6-3890-42F6-8C5B-00FAA96A2006}.Release|x86.ActiveCfg = Release|Any CPU
		{DE6D08A6-3890-42F6-8C5B-00FAA96A2006}.Release|x86.Build.0 = Release|Any CPU
		{6471BAA0-61C9-4B75-88F2-77AD739DCA2C}.Debug|Any CPU.ActiveCfg = Debug|Any CPU
		{6471BAA0-61C9-4B75-88F2-77AD739DCA2C}.Debug|Any CPU.Build.0 = Debug|Any CPU
		{6471BAA0-61C9-4B75-88F2-77AD739DCA2C}.Debug|x64.ActiveCfg = Debug|Any CPU
		{6471BAA0-61C9-4B75-88F2-77AD739DCA2C}.Debug|x64.Build.0 = Debug|Any CPU
		{6471BAA0-61C9-4B75-88F2-77AD739DCA2C}.Debug|x86.ActiveCfg = Debug|Any CPU
		{6471BAA0-61C9-4B75-88F2-77AD739DCA2C}.Debug|x86.Build.0 = Debug|Any CPU
		{6471BAA0-61C9-4B75-88F2-77AD739DCA2C}.Release|Any CPU.ActiveCfg = Release|Any CPU
		{6471BAA0-61C9-4B75-88F2-77AD739DCA2C}.Release|Any CPU.Build.0 = Release|Any CPU
		{6471BAA0-61C9-4B75-88F2-77AD739DCA2C}.Release|x64.ActiveCfg = Release|Any CPU
		{6471BAA0-61C9-4B75-88F2-77AD739DCA2C}.Release|x64.Build.0 = Release|Any CPU
		{6471BAA0-61C9-4B75-88F2-77AD739DCA2C}.Release|x86.ActiveCfg = Release|Any CPU
		{6471BAA0-61C9-4B75-88F2-77AD739DCA2C}.Release|x86.Build.0 = Release|Any CPU
		{A0B3E28C-F261-4FA8-9D38-804728C5943F}.Debug|Any CPU.ActiveCfg = Debug|Any CPU
		{A0B3E28C-F261-4FA8-9D38-804728C5943F}.Debug|Any CPU.Build.0 = Debug|Any CPU
		{A0B3E28C-F261-4FA8-9D38-804728C5943F}.Debug|x64.ActiveCfg = Debug|Any CPU
		{A0B3E28C-F261-4FA8-9D38-804728C5943F}.Debug|x64.Build.0 = Debug|Any CPU
		{A0B3E28C-F261-4FA8-9D38-804728C5943F}.Debug|x86.ActiveCfg = Debug|Any CPU
		{A0B3E28C-F261-4FA8-9D38-804728C5943F}.Debug|x86.Build.0 = Debug|Any CPU
		{A0B3E28C-F261-4FA8-9D38-804728C5943F}.Release|Any CPU.ActiveCfg = Release|Any CPU
		{A0B3E28C-F261-4FA8-9D38-804728C5943F}.Release|Any CPU.Build.0 = Release|Any CPU
		{A0B3E28C-F261-4FA8-9D38-804728C5943F}.Release|x64.ActiveCfg = Release|Any CPU
		{A0B3E28C-F261-4FA8-9D38-804728C5943F}.Release|x64.Build.0 = Release|Any CPU
		{A0B3E28C-F261-4FA8-9D38-804728C5943F}.Release|x86.ActiveCfg = Release|Any CPU
		{A0B3E28C-F261-4FA8-9D38-804728C5943F}.Release|x86.Build.0 = Release|Any CPU
		{7BE200E2-6F07-40DA-A5CC-9A0CAA76A26D}.Debug|Any CPU.ActiveCfg = Debug|Any CPU
		{7BE200E2-6F07-40DA-A5CC-9A0CAA76A26D}.Debug|Any CPU.Build.0 = Debug|Any CPU
		{7BE200E2-6F07-40DA-A5CC-9A0CAA76A26D}.Debug|x64.ActiveCfg = Debug|Any CPU
		{7BE200E2-6F07-40DA-A5CC-9A0CAA76A26D}.Debug|x64.Build.0 = Debug|Any CPU
		{7BE200E2-6F07-40DA-A5CC-9A0CAA76A26D}.Debug|x86.ActiveCfg = Debug|Any CPU
		{7BE200E2-6F07-40DA-A5CC-9A0CAA76A26D}.Debug|x86.Build.0 = Debug|Any CPU
		{7BE200E2-6F07-40DA-A5CC-9A0CAA76A26D}.Release|Any CPU.ActiveCfg = Release|Any CPU
		{7BE200E2-6F07-40DA-A5CC-9A0CAA76A26D}.Release|Any CPU.Build.0 = Release|Any CPU
		{7BE200E2-6F07-40DA-A5CC-9A0CAA76A26D}.Release|x64.ActiveCfg = Release|Any CPU
		{7BE200E2-6F07-40DA-A5CC-9A0CAA76A26D}.Release|x64.Build.0 = Release|Any CPU
		{7BE200E2-6F07-40DA-A5CC-9A0CAA76A26D}.Release|x86.ActiveCfg = Release|Any CPU
		{7BE200E2-6F07-40DA-A5CC-9A0CAA76A26D}.Release|x86.Build.0 = Release|Any CPU
		{4257A761-184C-4C98-B6AA-A5D99CB5CE2D}.Debug|Any CPU.ActiveCfg = Debug|Any CPU
		{4257A761-184C-4C98-B6AA-A5D99CB5CE2D}.Debug|Any CPU.Build.0 = Debug|Any CPU
		{4257A761-184C-4C98-B6AA-A5D99CB5CE2D}.Debug|x64.ActiveCfg = Debug|Any CPU
		{4257A761-184C-4C98-B6AA-A5D99CB5CE2D}.Debug|x64.Build.0 = Debug|Any CPU
		{4257A761-184C-4C98-B6AA-A5D99CB5CE2D}.Debug|x86.ActiveCfg = Debug|Any CPU
		{4257A761-184C-4C98-B6AA-A5D99CB5CE2D}.Debug|x86.Build.0 = Debug|Any CPU
		{4257A761-184C-4C98-B6AA-A5D99CB5CE2D}.Release|Any CPU.ActiveCfg = Release|Any CPU
		{4257A761-184C-4C98-B6AA-A5D99CB5CE2D}.Release|Any CPU.Build.0 = Release|Any CPU
		{4257A761-184C-4C98-B6AA-A5D99CB5CE2D}.Release|x64.ActiveCfg = Release|Any CPU
		{4257A761-184C-4C98-B6AA-A5D99CB5CE2D}.Release|x64.Build.0 = Release|Any CPU
		{4257A761-184C-4C98-B6AA-A5D99CB5CE2D}.Release|x86.ActiveCfg = Release|Any CPU
		{4257A761-184C-4C98-B6AA-A5D99CB5CE2D}.Release|x86.Build.0 = Release|Any CPU
		{001AB9FB-753B-4B84-A10D-9D0B97D479EB}.Debug|Any CPU.ActiveCfg = Debug|Any CPU
		{001AB9FB-753B-4B84-A10D-9D0B97D479EB}.Debug|Any CPU.Build.0 = Debug|Any CPU
		{001AB9FB-753B-4B84-A10D-9D0B97D479EB}.Debug|x64.ActiveCfg = Debug|Any CPU
		{001AB9FB-753B-4B84-A10D-9D0B97D479EB}.Debug|x64.Build.0 = Debug|Any CPU
		{001AB9FB-753B-4B84-A10D-9D0B97D479EB}.Debug|x86.ActiveCfg = Debug|Any CPU
		{001AB9FB-753B-4B84-A10D-9D0B97D479EB}.Debug|x86.Build.0 = Debug|Any CPU
		{001AB9FB-753B-4B84-A10D-9D0B97D479EB}.Release|Any CPU.ActiveCfg = Release|Any CPU
		{001AB9FB-753B-4B84-A10D-9D0B97D479EB}.Release|Any CPU.Build.0 = Release|Any CPU
		{001AB9FB-753B-4B84-A10D-9D0B97D479EB}.Release|x64.ActiveCfg = Release|Any CPU
		{001AB9FB-753B-4B84-A10D-9D0B97D479EB}.Release|x64.Build.0 = Release|Any CPU
		{001AB9FB-753B-4B84-A10D-9D0B97D479EB}.Release|x86.ActiveCfg = Release|Any CPU
		{001AB9FB-753B-4B84-A10D-9D0B97D479EB}.Release|x86.Build.0 = Release|Any CPU
	EndGlobalSection
	GlobalSection(SolutionProperties) = preSolution
		HideSolutionNode = FALSE
	EndGlobalSection
	GlobalSection(NestedProjects) = preSolution
		{B0A62FE5-4B9D-4726-A919-9FA10F6F62BF} = {6DC8B43E-A2DB-42FE-8BA0-42C63097B6E0}
		{C1F90895-A459-4C57-9A4C-0D4239F5BDEE} = {4377CD21-B598-44A3-8F44-E6C3BC7413F3}
		{90953558-7BC6-4240-B830-C6F8816D2EC6} = {6DC8B43E-A2DB-42FE-8BA0-42C63097B6E0}
		{003CCF76-6EBA-4464-8951-8C9A72772E71} = {6DC8B43E-A2DB-42FE-8BA0-42C63097B6E0}
		{DE6D08A6-3890-42F6-8C5B-00FAA96A2006} = {6DC8B43E-A2DB-42FE-8BA0-42C63097B6E0}
		{6471BAA0-61C9-4B75-88F2-77AD739DCA2C} = {6DC8B43E-A2DB-42FE-8BA0-42C63097B6E0}
		{A0B3E28C-F261-4FA8-9D38-804728C5943F} = {6DC8B43E-A2DB-42FE-8BA0-42C63097B6E0}
		{7BE200E2-6F07-40DA-A5CC-9A0CAA76A26D} = {6DC8B43E-A2DB-42FE-8BA0-42C63097B6E0}
		{4257A761-184C-4C98-B6AA-A5D99CB5CE2D} = {6DC8B43E-A2DB-42FE-8BA0-42C63097B6E0}
		{001AB9FB-753B-4B84-A10D-9D0B97D479EB} = {6DC8B43E-A2DB-42FE-8BA0-42C63097B6E0}
	EndGlobalSection
	GlobalSection(ExtensibilityGlobals) = postSolution
		SolutionGuid = {8F9F28CF-90B8-470A-A0BD-CD204AEF547E}
	EndGlobalSection
EndGlobal
