
Microsoft Visual Studio Solution File, Format Version 12.00
# Visual Studio Version 17
VisualStudioVersion = 17.5.002.0
MinimumVisualStudioVersion = 10.0.40219.1
Project("{9A19103F-16F7-4668-BE54-9A1E7A4F7556}") = "Robin.App", "Robin.App\Robin.App.csproj", "{F4AEF685-E67E-40F7-814F-3391391D1D6A}"
EndProject
Project("{9A19103F-16F7-4668-BE54-9A1E7A4F7556}") = "Robin.Abstractions", "Robin.Abstractions\Robin.Abstractions.csproj", "{65F60E62-BFCE-492E-88B1-D2F2BEF5775C}"
EndProject
Project("{9A19103F-16F7-4668-BE54-9A1E7A4F7556}") = "Robin.Implementations", "Robin.Implementations\Robin.Implementations.csproj", "{74B01597-DF9E-479A-958A-8A0BD51C6A4E}"
EndProject
Project("{FAE04EC0-301F-11D3-BF4B-00C04F79EFBC}") = "Robin.Extensions.WordCloud", "Robin.Extensions.WordCloud\Robin.Extensions.WordCloud.csproj", "{DC7F5817-7811-4E1E-88D9-99023707F150}"
EndProject
Project("{FAE04EC0-301F-11D3-BF4B-00C04F79EFBC}") = "Robin.Extensions.UserRank", "Robin.Extensions.UserRank\Robin.Extensions.UserRank.csproj", "{A160A0D5-019C-48BD-B5A8-97E5B08F0580}"
EndProject
Project("{FAE04EC0-301F-11D3-BF4B-00C04F79EFBC}") = "Robin.Annotations", "Robin.Annotations\Robin.Annotations.csproj", "{814870D3-D58F-4BC4-80D5-F89D809A8DB6}"
EndProject
Project("{FAE04EC0-301F-11D3-BF4B-00C04F79EFBC}") = "Robin.Extensions.ReplyAction", "Robin.Extensions.ReplyAction\Robin.Extensions.ReplyAction.csproj", "{45CCB3A4-3DA7-49BB-807E-93D6A0072208}"
EndProject
Project("{FAE04EC0-301F-11D3-BF4B-00C04F79EFBC}") = "Robin.Extensions.RandReply", "Robin.Extensions.RandReply\Robin.Extensions.RandReply.csproj", "{BCF1570B-9D9E-4134-9359-43B1D7CD3529}"
EndProject
Project("{FAE04EC0-301F-11D3-BF4B-00C04F79EFBC}") = "Robin.Extensions.Gray", "Robin.Extensions.Gray\Robin.Extensions.Gray.csproj", "{9C8147BA-CC86-441F-AF28-D1DFE37596C9}"
EndProject
Project("{FAE04EC0-301F-11D3-BF4B-00C04F79EFBC}") = "Robin.Extensions.Gemini", "Robin.Extensions.Gemini\Robin.Extensions.Gemini.csproj", "{3F6B8837-D213-4687-9C23-5F5C589CA0C6}"
EndProject
Project("{FAE04EC0-301F-11D3-BF4B-00C04F79EFBC}") = "Robin.Extensions.Panel", "Robin.Extensions.Panel\Robin.Extensions.Panel.csproj", "{AAE1B6D6-A7AF-45B2-A218-A2E6009C3FDC}"
EndProject
Project("{FAE04EC0-301F-11D3-BF4B-00C04F79EFBC}") = "Robin.Extensions.Dice", "Robin.Extensions.Dice\Robin.Extensions.Dice.csproj", "{24B5C1E2-F1D1-4A9E-AD15-C34537E81CC9}"
EndProject
Project("{FAE04EC0-301F-11D3-BF4B-00C04F79EFBC}") = "Robin.Extensions.SauceNao", "Robin.Extensions.SauceNao\Robin.Extensions.SauceNao.csproj", "{4BADA596-B7C9-4D0A-B533-498143C19DD1}"
EndProject
Global
	GlobalSection(SolutionConfigurationPlatforms) = preSolution
		Debug|Any CPU = Debug|Any CPU
		Release|Any CPU = Release|Any CPU
	EndGlobalSection
	GlobalSection(ProjectConfigurationPlatforms) = postSolution
		{F4AEF685-E67E-40F7-814F-3391391D1D6A}.Debug|Any CPU.ActiveCfg = Debug|Any CPU
		{F4AEF685-E67E-40F7-814F-3391391D1D6A}.Debug|Any CPU.Build.0 = Debug|Any CPU
		{F4AEF685-E67E-40F7-814F-3391391D1D6A}.Release|Any CPU.ActiveCfg = Release|Any CPU
		{F4AEF685-E67E-40F7-814F-3391391D1D6A}.Release|Any CPU.Build.0 = Release|Any CPU
		{65F60E62-BFCE-492E-88B1-D2F2BEF5775C}.Debug|Any CPU.ActiveCfg = Debug|Any CPU
		{65F60E62-BFCE-492E-88B1-D2F2BEF5775C}.Debug|Any CPU.Build.0 = Debug|Any CPU
		{65F60E62-BFCE-492E-88B1-D2F2BEF5775C}.Release|Any CPU.ActiveCfg = Release|Any CPU
		{65F60E62-BFCE-492E-88B1-D2F2BEF5775C}.Release|Any CPU.Build.0 = Release|Any CPU
		{74B01597-DF9E-479A-958A-8A0BD51C6A4E}.Debug|Any CPU.ActiveCfg = Debug|Any CPU
		{74B01597-DF9E-479A-958A-8A0BD51C6A4E}.Debug|Any CPU.Build.0 = Debug|Any CPU
		{74B01597-DF9E-479A-958A-8A0BD51C6A4E}.Release|Any CPU.ActiveCfg = Release|Any CPU
		{74B01597-DF9E-479A-958A-8A0BD51C6A4E}.Release|Any CPU.Build.0 = Release|Any CPU
		{DC7F5817-7811-4E1E-88D9-99023707F150}.Debug|Any CPU.ActiveCfg = Debug|Any CPU
		{DC7F5817-7811-4E1E-88D9-99023707F150}.Debug|Any CPU.Build.0 = Debug|Any CPU
		{DC7F5817-7811-4E1E-88D9-99023707F150}.Release|Any CPU.ActiveCfg = Release|Any CPU
		{DC7F5817-7811-4E1E-88D9-99023707F150}.Release|Any CPU.Build.0 = Release|Any CPU
		{A160A0D5-019C-48BD-B5A8-97E5B08F0580}.Debug|Any CPU.ActiveCfg = Debug|Any CPU
		{A160A0D5-019C-48BD-B5A8-97E5B08F0580}.Debug|Any CPU.Build.0 = Debug|Any CPU
		{A160A0D5-019C-48BD-B5A8-97E5B08F0580}.Release|Any CPU.ActiveCfg = Release|Any CPU
		{A160A0D5-019C-48BD-B5A8-97E5B08F0580}.Release|Any CPU.Build.0 = Release|Any CPU
		{814870D3-D58F-4BC4-80D5-F89D809A8DB6}.Debug|Any CPU.ActiveCfg = Debug|Any CPU
		{814870D3-D58F-4BC4-80D5-F89D809A8DB6}.Debug|Any CPU.Build.0 = Debug|Any CPU
		{814870D3-D58F-4BC4-80D5-F89D809A8DB6}.Release|Any CPU.ActiveCfg = Release|Any CPU
		{814870D3-D58F-4BC4-80D5-F89D809A8DB6}.Release|Any CPU.Build.0 = Release|Any CPU
		{45CCB3A4-3DA7-49BB-807E-93D6A0072208}.Debug|Any CPU.ActiveCfg = Debug|Any CPU
		{45CCB3A4-3DA7-49BB-807E-93D6A0072208}.Debug|Any CPU.Build.0 = Debug|Any CPU
		{45CCB3A4-3DA7-49BB-807E-93D6A0072208}.Release|Any CPU.ActiveCfg = Release|Any CPU
		{45CCB3A4-3DA7-49BB-807E-93D6A0072208}.Release|Any CPU.Build.0 = Release|Any CPU
		{BCF1570B-9D9E-4134-9359-43B1D7CD3529}.Debug|Any CPU.ActiveCfg = Debug|Any CPU
		{BCF1570B-9D9E-4134-9359-43B1D7CD3529}.Debug|Any CPU.Build.0 = Debug|Any CPU
		{BCF1570B-9D9E-4134-9359-43B1D7CD3529}.Release|Any CPU.ActiveCfg = Release|Any CPU
		{BCF1570B-9D9E-4134-9359-43B1D7CD3529}.Release|Any CPU.Build.0 = Release|Any CPU
		{9C8147BA-CC86-441F-AF28-D1DFE37596C9}.Debug|Any CPU.ActiveCfg = Debug|Any CPU
		{9C8147BA-CC86-441F-AF28-D1DFE37596C9}.Debug|Any CPU.Build.0 = Debug|Any CPU
		{9C8147BA-CC86-441F-AF28-D1DFE37596C9}.Release|Any CPU.ActiveCfg = Release|Any CPU
		{9C8147BA-CC86-441F-AF28-D1DFE37596C9}.Release|Any CPU.Build.0 = Release|Any CPU
		{3F6B8837-D213-4687-9C23-5F5C589CA0C6}.Debug|Any CPU.ActiveCfg = Debug|Any CPU
		{3F6B8837-D213-4687-9C23-5F5C589CA0C6}.Debug|Any CPU.Build.0 = Debug|Any CPU
		{3F6B8837-D213-4687-9C23-5F5C589CA0C6}.Release|Any CPU.ActiveCfg = Release|Any CPU
		{3F6B8837-D213-4687-9C23-5F5C589CA0C6}.Release|Any CPU.Build.0 = Release|Any CPU
		{AAE1B6D6-A7AF-45B2-A218-A2E6009C3FDC}.Debug|Any CPU.ActiveCfg = Debug|Any CPU
		{AAE1B6D6-A7AF-45B2-A218-A2E6009C3FDC}.Debug|Any CPU.Build.0 = Debug|Any CPU
		{AAE1B6D6-A7AF-45B2-A218-A2E6009C3FDC}.Release|Any CPU.ActiveCfg = Release|Any CPU
		{AAE1B6D6-A7AF-45B2-A218-A2E6009C3FDC}.Release|Any CPU.Build.0 = Release|Any CPU
		{24B5C1E2-F1D1-4A9E-AD15-C34537E81CC9}.Debug|Any CPU.ActiveCfg = Debug|Any CPU
		{24B5C1E2-F1D1-4A9E-AD15-C34537E81CC9}.Debug|Any CPU.Build.0 = Debug|Any CPU
		{24B5C1E2-F1D1-4A9E-AD15-C34537E81CC9}.Release|Any CPU.ActiveCfg = Release|Any CPU
		{24B5C1E2-F1D1-4A9E-AD15-C34537E81CC9}.Release|Any CPU.Build.0 = Release|Any CPU
		{4BADA596-B7C9-4D0A-B533-498143C19DD1}.Debug|Any CPU.ActiveCfg = Debug|Any CPU
		{4BADA596-B7C9-4D0A-B533-498143C19DD1}.Debug|Any CPU.Build.0 = Debug|Any CPU
		{4BADA596-B7C9-4D0A-B533-498143C19DD1}.Release|Any CPU.ActiveCfg = Release|Any CPU
		{4BADA596-B7C9-4D0A-B533-498143C19DD1}.Release|Any CPU.Build.0 = Release|Any CPU
	EndGlobalSection
	GlobalSection(SolutionProperties) = preSolution
		HideSolutionNode = FALSE
	EndGlobalSection
	GlobalSection(ExtensibilityGlobals) = postSolution
		SolutionGuid = {8F9F28CF-90B8-470A-A0BD-CD204AEF547E}
	EndGlobalSection
EndGlobal
